// !$*UTF8*$!
{
	archiveVersion = 1;
	classes = {
	};
	objectVersion = 50;
	objects = {

/* Begin PBXBuildFile section */
		367542C92616354F0049A74A /* AppDelegate.swift in Sources */ = {isa = PBXBuildFile; fileRef = 367542C82616354F0049A74A /* AppDelegate.swift */; };
		367542CB2616354F0049A74A /* SceneDelegate.swift in Sources */ = {isa = PBXBuildFile; fileRef = 367542CA2616354F0049A74A /* SceneDelegate.swift */; };
		367542CD2616354F0049A74A /* HomeViewController.swift in Sources */ = {isa = PBXBuildFile; fileRef = 367542CC2616354F0049A74A /* HomeViewController.swift */; };
		367542D02616354F0049A74A /* Main.storyboard in Resources */ = {isa = PBXBuildFile; fileRef = 367542CE2616354F0049A74A /* Main.storyboard */; };
		367542D2261635730049A74A /* Assets.xcassets in Resources */ = {isa = PBXBuildFile; fileRef = 367542D1261635730049A74A /* Assets.xcassets */; };
		367542D5261635730049A74A /* LaunchScreen.storyboard in Resources */ = {isa = PBXBuildFile; fileRef = 367542D3261635730049A74A /* LaunchScreen.storyboard */; };
		367542E3261650800049A74A /* ExpertListingViewController.swift in Sources */ = {isa = PBXBuildFile; fileRef = 367542E2261650800049A74A /* ExpertListingViewController.swift */; };
		367542E7261657540049A74A /* Home.storyboard in Resources */ = {isa = PBXBuildFile; fileRef = 367542E5261657540049A74A /* Home.storyboard */; };
		367542EB261657B70049A74A /* Browse.storyboard in Resources */ = {isa = PBXBuildFile; fileRef = 367542EA261657B70049A74A /* Browse.storyboard */; };
		367542F0261657E70049A74A /* Settings.storyboard in Resources */ = {isa = PBXBuildFile; fileRef = 367542EE261657E70049A74A /* Settings.storyboard */; };
		367542F32616580F0049A74A /* Dashboard.storyboard in Resources */ = {isa = PBXBuildFile; fileRef = 367542F22616580F0049A74A /* Dashboard.storyboard */; };
/* End PBXBuildFile section */

/* Begin PBXFileReference section */
		367542C52616354F0049A74A /* Talentttorrent.app */ = {isa = PBXFileReference; explicitFileType = wrapper.application; includeInIndex = 0; path = Talentttorrent.app; sourceTree = BUILT_PRODUCTS_DIR; };
		367542C82616354F0049A74A /* AppDelegate.swift */ = {isa = PBXFileReference; lastKnownFileType = sourcecode.swift; path = AppDelegate.swift; sourceTree = "<group>"; };
		367542CA2616354F0049A74A /* SceneDelegate.swift */ = {isa = PBXFileReference; lastKnownFileType = sourcecode.swift; path = SceneDelegate.swift; sourceTree = "<group>"; };
		367542CC2616354F0049A74A /* HomeViewController.swift */ = {isa = PBXFileReference; lastKnownFileType = sourcecode.swift; path = HomeViewController.swift; sourceTree = "<group>"; };
		367542CF2616354F0049A74A /* Base */ = {isa = PBXFileReference; lastKnownFileType = file.storyboard; name = Base; path = Base.lproj/Main.storyboard; sourceTree = "<group>"; };
		367542D1261635730049A74A /* Assets.xcassets */ = {isa = PBXFileReference; lastKnownFileType = folder.assetcatalog; path = Assets.xcassets; sourceTree = "<group>"; };
		367542D4261635730049A74A /* Base */ = {isa = PBXFileReference; lastKnownFileType = file.storyboard; name = Base; path = Base.lproj/LaunchScreen.storyboard; sourceTree = "<group>"; };
		367542D6261635730049A74A /* Info.plist */ = {isa = PBXFileReference; lastKnownFileType = text.plist.xml; path = Info.plist; sourceTree = "<group>"; };
		367542E2261650800049A74A /* ExpertListingViewController.swift */ = {isa = PBXFileReference; lastKnownFileType = sourcecode.swift; path = ExpertListingViewController.swift; sourceTree = "<group>"; };
		367542E6261657540049A74A /* Base */ = {isa = PBXFileReference; lastKnownFileType = file.storyboard; name = Base; path = Talentttorrent/View/Base.lproj/Home.storyboard; sourceTree = "<group>"; };
		367542EA261657B70049A74A /* Browse.storyboard */ = {isa = PBXFileReference; fileEncoding = 4; lastKnownFileType = file.storyboard; path = Browse.storyboard; sourceTree = "<group>"; };
		367542EF261657E70049A74A /* Base */ = {isa = PBXFileReference; lastKnownFileType = file.storyboard; name = Base; path = Talentttorrent/View/Base.lproj/Settings.storyboard; sourceTree = "<group>"; };
		367542F22616580F0049A74A /* Dashboard.storyboard */ = {isa = PBXFileReference; fileEncoding = 4; lastKnownFileType = file.storyboard; path = Dashboard.storyboard; sourceTree = "<group>"; };
/* End PBXFileReference section */

/* Begin PBXFrameworksBuildPhase section */
		367542C22616354F0049A74A /* Frameworks */ = {
			isa = PBXFrameworksBuildPhase;
			buildActionMask = 2147483647;
			files = (
			);
			runOnlyForDeploymentPostprocessing = 0;
		};
/* End PBXFrameworksBuildPhase section */

/* Begin PBXGroup section */
		367542BC2616354E0049A74A = {
			isa = PBXGroup;
			children = (
				367542C72616354F0049A74A /* Talentttorrent */,
				367542C62616354F0049A74A /* Products */,
			);
			sourceTree = "<group>";
		};
		367542C62616354F0049A74A /* Products */ = {
			isa = PBXGroup;
			children = (
				367542C52616354F0049A74A /* Talentttorrent.app */,
			);
			name = Products;
			sourceTree = "<group>";
		};
		367542C72616354F0049A74A /* Talentttorrent */ = {
			isa = PBXGroup;
			children = (
				367542C82616354F0049A74A /* AppDelegate.swift */,
				367542CA2616354F0049A74A /* SceneDelegate.swift */,
				367542DD26164A1C0049A74A /* Model */,
				367542DE26164A280049A74A /* View */,
				367542DF26164A350049A74A /* Controller */,
				367542D1261635730049A74A /* Assets.xcassets */,
				367542D3261635730049A74A /* LaunchScreen.storyboard */,
				367542D6261635730049A74A /* Info.plist */,
			);
			path = Talentttorrent;
			sourceTree = "<group>";
		};
		367542DD26164A1C0049A74A /* Model */ = {
			isa = PBXGroup;
			children = (
			);
			path = Model;
			sourceTree = "<group>";
		};
		367542DE26164A280049A74A /* View */ = {
			isa = PBXGroup;
			children = (
				367542CE2616354F0049A74A /* Main.storyboard */,
				367542E5261657540049A74A /* Home.storyboard */,
				367542EA261657B70049A74A /* Browse.storyboard */,
				367542EE261657E70049A74A /* Settings.storyboard */,
				367542F22616580F0049A74A /* Dashboard.storyboard */,
			);
			path = View;
			sourceTree = "<group>";
		};
		367542DF26164A350049A74A /* Controller */ = {
			isa = PBXGroup;
			children = (
				367542CC2616354F0049A74A /* HomeViewController.swift */,
				367542E2261650800049A74A /* ExpertListingViewController.swift */,
			);
			path = Controller;
			sourceTree = "<group>";
		};
/* End PBXGroup section */

/* Begin PBXNativeTarget section */
		367542C42616354F0049A74A /* Talentttorrent */ = {
			isa = PBXNativeTarget;
			buildConfigurationList = 367542D9261635730049A74A /* Build configuration list for PBXNativeTarget "Talentttorrent" */;
			buildPhases = (
				367542C12616354F0049A74A /* Sources */,
				367542C22616354F0049A74A /* Frameworks */,
				367542C32616354F0049A74A /* Resources */,
			);
			buildRules = (
			);
			dependencies = (
			);
			name = Talentttorrent;
			productName = Talentttorrent;
			productReference = 367542C52616354F0049A74A /* Talentttorrent.app */;
			productType = "com.apple.product-type.application";
		};
/* End PBXNativeTarget section */

/* Begin PBXProject section */
		367542BD2616354E0049A74A /* Project object */ = {
			isa = PBXProject;
			attributes = {
				LastSwiftUpdateCheck = 1200;
				LastUpgradeCheck = 1200;
				TargetAttributes = {
					367542C42616354F0049A74A = {
						CreatedOnToolsVersion = 12.0.1;
					};
				};
			};
			buildConfigurationList = 367542C02616354E0049A74A /* Build configuration list for PBXProject "Talentttorrent" */;
			compatibilityVersion = "Xcode 9.3";
			developmentRegion = en;
			hasScannedForEncodings = 0;
			knownRegions = (
				en,
				Base,
			);
			mainGroup = 367542BC2616354E0049A74A;
			productRefGroup = 367542C62616354F0049A74A /* Products */;
			projectDirPath = "";
			projectRoot = "";
			targets = (
				367542C42616354F0049A74A /* Talentttorrent */,
			);
		};
/* End PBXProject section */

/* Begin PBXResourcesBuildPhase section */
		367542C32616354F0049A74A /* Resources */ = {
			isa = PBXResourcesBuildPhase;
			buildActionMask = 2147483647;
			files = (
				367542D5261635730049A74A /* LaunchScreen.storyboard in Resources */,
				367542EB261657B70049A74A /* Browse.storyboard in Resources */,
				367542D2261635730049A74A /* Assets.xcassets in Resources */,
				367542F0261657E70049A74A /* Settings.storyboard in Resources */,
				367542D02616354F0049A74A /* Main.storyboard in Resources */,
				367542F32616580F0049A74A /* Dashboard.storyboard in Resources */,
				367542E7261657540049A74A /* Home.storyboard in Resources */,
			);
			runOnlyForDeploymentPostprocessing = 0;
		};
/* End PBXResourcesBuildPhase section */

/* Begin PBXSourcesBuildPhase section */
		367542C12616354F0049A74A /* Sources */ = {
			isa = PBXSourcesBuildPhase;
			buildActionMask = 2147483647;
			files = (
				367542CD2616354F0049A74A /* HomeViewController.swift in Sources */,
				367542C92616354F0049A74A /* AppDelegate.swift in Sources */,
				367542CB2616354F0049A74A /* SceneDelegate.swift in Sources */,
				367542E3261650800049A74A /* ExpertListingViewController.swift in Sources */,
			);
			runOnlyForDeploymentPostprocessing = 0;
		};
/* End PBXSourcesBuildPhase section */

/* Begin PBXVariantGroup section */
		367542CE2616354F0049A74A /* Main.storyboard */ = {
			isa = PBXVariantGroup;
			children = (
				367542CF2616354F0049A74A /* Base */,
			);
			name = Main.storyboard;
			sourceTree = "<group>";
		};
		367542D3261635730049A74A /* LaunchScreen.storyboard */ = {
			isa = PBXVariantGroup;
			children = (
				367542D4261635730049A74A /* Base */,
			);
			name = LaunchScreen.storyboard;
			sourceTree = "<group>";
		};
		367542E5261657540049A74A /* Home.storyboard */ = {
			isa = PBXVariantGroup;
			children = (
				367542E6261657540049A74A /* Base */,
			);
			name = Home.storyboard;
			sourceTree = "<group>";
		};
		367542EE261657E70049A74A /* Settings.storyboard */ = {
			isa = PBXVariantGroup;
			children = (
				367542EF261657E70049A74A /* Base */,
			);
			name = Settings.storyboard;
			sourceTree = "<group>";
		};
/* End PBXVariantGroup section */

/* Begin XCBuildConfiguration section */
		367542D7261635730049A74A /* Debug */ = {
			isa = XCBuildConfiguration;
			buildSettings = {
				ALWAYS_SEARCH_USER_PATHS = NO;
				CLANG_ANALYZER_NONNULL = YES;
				CLANG_ANALYZER_NUMBER_OBJECT_CONVERSION = YES_AGGRESSIVE;
				CLANG_CXX_LANGUAGE_STANDARD = "gnu++14";
				CLANG_CXX_LIBRARY = "libc++";
				CLANG_ENABLE_MODULES = YES;
				CLANG_ENABLE_OBJC_ARC = YES;
				CLANG_ENABLE_OBJC_WEAK = YES;
				CLANG_WARN_BLOCK_CAPTURE_AUTORELEASING = YES;
				CLANG_WARN_BOOL_CONVERSION = YES;
				CLANG_WARN_COMMA = YES;
				CLANG_WARN_CONSTANT_CONVERSION = YES;
				CLANG_WARN_DEPRECATED_OBJC_IMPLEMENTATIONS = YES;
				CLANG_WARN_DIRECT_OBJC_ISA_USAGE = YES_ERROR;
				CLANG_WARN_DOCUMENTATION_COMMENTS = YES;
				CLANG_WARN_EMPTY_BODY = YES;
				CLANG_WARN_ENUM_CONVERSION = YES;
				CLANG_WARN_INFINITE_RECURSION = YES;
				CLANG_WARN_INT_CONVERSION = YES;
				CLANG_WARN_NON_LITERAL_NULL_CONVERSION = YES;
				CLANG_WARN_OBJC_IMPLICIT_RETAIN_SELF = YES;
				CLANG_WARN_OBJC_LITERAL_CONVERSION = YES;
				CLANG_WARN_OBJC_ROOT_CLASS = YES_ERROR;
				CLANG_WARN_QUOTED_INCLUDE_IN_FRAMEWORK_HEADER = YES;
				CLANG_WARN_RANGE_LOOP_ANALYSIS = YES;
				CLANG_WARN_STRICT_PROTOTYPES = YES;
				CLANG_WARN_SUSPICIOUS_MOVE = YES;
				CLANG_WARN_UNGUARDED_AVAILABILITY = YES_AGGRESSIVE;
				CLANG_WARN_UNREACHABLE_CODE = YES;
				CLANG_WARN__DUPLICATE_METHOD_MATCH = YES;
				COPY_PHASE_STRIP = NO;
				DEBUG_INFORMATION_FORMAT = dwarf;
				ENABLE_STRICT_OBJC_MSGSEND = YES;
				ENABLE_TESTABILITY = YES;
				GCC_C_LANGUAGE_STANDARD = gnu11;
				GCC_DYNAMIC_NO_PIC = NO;
				GCC_NO_COMMON_BLOCKS = YES;
				GCC_OPTIMIZATION_LEVEL = 0;
				GCC_PREPROCESSOR_DEFINITIONS = (
					"DEBUG=1",
					"$(inherited)",
				);
				GCC_WARN_64_TO_32_BIT_CONVERSION = YES;
				GCC_WARN_ABOUT_RETURN_TYPE = YES_ERROR;
				GCC_WARN_UNDECLARED_SELECTOR = YES;
				GCC_WARN_UNINITIALIZED_AUTOS = YES_AGGRESSIVE;
				GCC_WARN_UNUSED_FUNCTION = YES;
				GCC_WARN_UNUSED_VARIABLE = YES;
				IPHONEOS_DEPLOYMENT_TARGET = 14.0;
				MTL_ENABLE_DEBUG_INFO = INCLUDE_SOURCE;
				MTL_FAST_MATH = YES;
				ONLY_ACTIVE_ARCH = YES;
				SDKROOT = iphoneos;
				SWIFT_ACTIVE_COMPILATION_CONDITIONS = DEBUG;
				SWIFT_OPTIMIZATION_LEVEL = "-Onone";
			};
			name = Debug;
		};
		367542D8261635730049A74A /* Release */ = {
			isa = XCBuildConfiguration;
			buildSettings = {
				ALWAYS_SEARCH_USER_PATHS = NO;
				CLANG_ANALYZER_NONNULL = YES;
				CLANG_ANALYZER_NUMBER_OBJECT_CONVERSION = YES_AGGRESSIVE;
				CLANG_CXX_LANGUAGE_STANDARD = "gnu++14";
				CLANG_CXX_LIBRARY = "libc++";
				CLANG_ENABLE_MODULES = YES;
				CLANG_ENABLE_OBJC_ARC = YES;
				CLANG_ENABLE_OBJC_WEAK = YES;
				CLANG_WARN_BLOCK_CAPTURE_AUTORELEASING = YES;
				CLANG_WARN_BOOL_CONVERSION = YES;
				CLANG_WARN_COMMA = YES;
				CLANG_WARN_CONSTANT_CONVERSION = YES;
				CLANG_WARN_DEPRECATED_OBJC_IMPLEMENTATIONS = YES;
				CLANG_WARN_DIRECT_OBJC_ISA_USAGE = YES_ERROR;
				CLANG_WARN_DOCUMENTATION_COMMENTS = YES;
				CLANG_WARN_EMPTY_BODY = YES;
				CLANG_WARN_ENUM_CONVERSION = YES;
				CLANG_WARN_INFINITE_RECURSION = YES;
				CLANG_WARN_INT_CONVERSION = YES;
				CLANG_WARN_NON_LITERAL_NULL_CONVERSION = YES;
				CLANG_WARN_OBJC_IMPLICIT_RETAIN_SELF = YES;
				CLANG_WARN_OBJC_LITERAL_CONVERSION = YES;
				CLANG_WARN_OBJC_ROOT_CLASS = YES_ERROR;
				CLANG_WARN_QUOTED_INCLUDE_IN_FRAMEWORK_HEADER = YES;
				CLANG_WARN_RANGE_LOOP_ANALYSIS = YES;
				CLANG_WARN_STRICT_PROTOTYPES = YES;
				CLANG_WARN_SUSPICIOUS_MOVE = YES;
				CLANG_WARN_UNGUARDED_AVAILABILITY = YES_AGGRESSIVE;
				CLANG_WARN_UNREACHABLE_CODE = YES;
				CLANG_WARN__DUPLICATE_METHOD_MATCH = YES;
				COPY_PHASE_STRIP = NO;
				DEBUG_INFORMATION_FORMAT = "dwarf-with-dsym";
				ENABLE_NS_ASSERTIONS = NO;
				ENABLE_STRICT_OBJC_MSGSEND = YES;
				GCC_C_LANGUAGE_STANDARD = gnu11;
				GCC_NO_COMMON_BLOCKS = YES;
				GCC_WARN_64_TO_32_BIT_CONVERSION = YES;
				GCC_WARN_ABOUT_RETURN_TYPE = YES_ERROR;
				GCC_WARN_UNDECLARED_SELECTOR = YES;
				GCC_WARN_UNINITIALIZED_AUTOS = YES_AGGRESSIVE;
				GCC_WARN_UNUSED_FUNCTION = YES;
				GCC_WARN_UNUSED_VARIABLE = YES;
				IPHONEOS_DEPLOYMENT_TARGET = 14.0;
				MTL_ENABLE_DEBUG_INFO = NO;
				MTL_FAST_MATH = YES;
				SDKROOT = iphoneos;
				SWIFT_COMPILATION_MODE = wholemodule;
				SWIFT_OPTIMIZATION_LEVEL = "-O";
				VALIDATE_PRODUCT = YES;
			};
			name = Release;
		};
		367542DA261635730049A74A /* Debug */ = {
			isa = XCBuildConfiguration;
			buildSettings = {
				ASSETCATALOG_COMPILER_APPICON_NAME = AppIcon;
				ASSETCATALOG_COMPILER_GLOBAL_ACCENT_COLOR_NAME = AccentColor;
				CODE_SIGN_STYLE = Automatic;
				DEVELOPMENT_TEAM = 63BJG2D65W;
				INFOPLIST_FILE = Talentttorrent/Info.plist;
				LD_RUNPATH_SEARCH_PATHS = (
					"$(inherited)",
					"@executable_path/Frameworks",
				);
				PRODUCT_BUNDLE_IDENTIFIER = com.mdashfaqurrahman.Talentttorrent;
				PRODUCT_NAME = "$(TARGET_NAME)";
				SWIFT_VERSION = 5.0;
				TARGETED_DEVICE_FAMILY = "1,2";
			};
			name = Debug;
		};
		367542DB261635730049A74A /* Release */ = {
			isa = XCBuildConfiguration;
			buildSettings = {
				ASSETCATALOG_COMPILER_APPICON_NAME = AppIcon;
				ASSETCATALOG_COMPILER_GLOBAL_ACCENT_COLOR_NAME = AccentColor;
				CODE_SIGN_STYLE = Automatic;
				DEVELOPMENT_TEAM = 63BJG2D65W;
				INFOPLIST_FILE = Talentttorrent/Info.plist;
				LD_RUNPATH_SEARCH_PATHS = (
					"$(inherited)",
					"@executable_path/Frameworks",
				);
				PRODUCT_BUNDLE_IDENTIFIER = com.mdashfaqurrahman.Talentttorrent;
				PRODUCT_NAME = "$(TARGET_NAME)";
				SWIFT_VERSION = 5.0;
				TARGETED_DEVICE_FAMILY = "1,2";
			};
			name = Release;
		};
/* End XCBuildConfiguration section */

/* Begin XCConfigurationList section */
		367542C02616354E0049A74A /* Build configuration list for PBXProject "Talentttorrent" */ = {
			isa = XCConfigurationList;
			buildConfigurations = (
				367542D7261635730049A74A /* Debug */,
				367542D8261635730049A74A /* Release */,
			);
			defaultConfigurationIsVisible = 0;
			defaultConfigurationName = Release;
		};
		367542D9261635730049A74A /* Build configuration list for PBXNativeTarget "Talentttorrent" */ = {
			isa = XCConfigurationList;
			buildConfigurations = (
				367542DA261635730049A74A /* Debug */,
				367542DB261635730049A74A /* Release */,
			);
			defaultConfigurationIsVisible = 0;
			defaultConfigurationName = Release;
		};
/* End XCConfigurationList section */
	};
	rootObject = 367542BD2616354E0049A74A /* Project object */;
}
